
Microsoft Visual Studio Solution File, Format Version 12.00
# Visual Studio Version 16
VisualStudioVersion = 16.0.29215.179
MinimumVisualStudioVersion = 10.0.40219.1
Project("{8BC9CEB8-8B4A-11D0-8D11-00A0C91BC942}") = "Lesson47", "Lesson47\Lesson47.vcxproj", "{9F9E66A0-5948-472D-9FA8-BCDA4E433B31}"
EndProject
Global
	GlobalSection(SolutionConfigurationPlatforms) = preSolution
		Debug|x64 = Debug|x64
		Debug|x86 = Debug|x86
		Release|x64 = Release|x64
		Release|x86 = Release|x86
	EndGlobalSection
	GlobalSection(ProjectConfigurationPlatforms) = postSolution
		{9F9E66A0-5948-472D-9FA8-BCDA4E433B31}.Debug|x64.ActiveCfg = Debug|x64
		{9F9E66A0-5948-472D-9FA8-BCDA4E433B31}.Debug|x64.Build.0 = Debug|x64
		{9F9E66A0-5948-472D-9FA8-BCDA4E433B31}.Debug|x86.ActiveCfg = Debug|Win32
		{9F9E66A0-5948-472D-9FA8-BCDA4E433B31}.Debug|x86.Build.0 = Debug|Win32
		{9F9E66A0-5948-472D-9FA8-BCDA4E433B31}.Release|x64.ActiveCfg = Release|x64
		{9F9E66A0-5948-472D-9FA8-BCDA4E433B31}.Release|x64.Build.0 = Release|x64
		{9F9E66A0-5948-472D-9FA8-BCDA4E433B31}.Release|x86.ActiveCfg = Release|Win32
		{9F9E66A0-5948-472D-9FA8-BCDA4E433B31}.Release|x86.Build.0 = Release|Win32
	EndGlobalSection
	GlobalSection(SolutionProperties) = preSolution
		HideSolutionNode = FALSE
	EndGlobalSection
	GlobalSection(ExtensibilityGlobals) = postSolution
		SolutionGuid = {7A71D36A-0B0E-46C3-B47C-03E7E85B2FD7}
	EndGlobalSection
EndGlobal
